// !$*UTF8*$!
{
	archiveVersion = 1;
	classes = {
	};
	objectVersion = 55;
	objects = {

/* Begin PBXBuildFile section */
		20C7B63AFC3DF4AC36B0CAD0 /* Pods_senddata.framework in Frameworks */ = {isa = PBXBuildFile; fileRef = D3DA8DB5FD64B6167AE13BC8 /* Pods_senddata.framework */; };
		815EEB6828784B4800C9DF27 /* NetworkLayer.swift in Sources */ = {isa = PBXBuildFile; fileRef = 815EEB6728784B4800C9DF27 /* NetworkLayer.swift */; };
		815EEB6A28784FAC00C9DF27 /* Network.swift in Sources */ = {isa = PBXBuildFile; fileRef = 815EEB6928784FAC00C9DF27 /* Network.swift */; };
		818BB9E028780C3E00D476D8 /* AppDelegate.swift in Sources */ = {isa = PBXBuildFile; fileRef = 818BB9DF28780C3E00D476D8 /* AppDelegate.swift */; };
		818BB9E228780C3E00D476D8 /* SceneDelegate.swift in Sources */ = {isa = PBXBuildFile; fileRef = 818BB9E128780C3E00D476D8 /* SceneDelegate.swift */; };
		818BB9E428780C3E00D476D8 /* ViewController.swift in Sources */ = {isa = PBXBuildFile; fileRef = 818BB9E328780C3E00D476D8 /* ViewController.swift */; };
		818BB9E728780C3E00D476D8 /* Main.storyboard in Resources */ = {isa = PBXBuildFile; fileRef = 818BB9E528780C3E00D476D8 /* Main.storyboard */; };
		818BB9E928780C4000D476D8 /* Assets.xcassets in Resources */ = {isa = PBXBuildFile; fileRef = 818BB9E828780C4000D476D8 /* Assets.xcassets */; };
		818BB9EC28780C4000D476D8 /* LaunchScreen.storyboard in Resources */ = {isa = PBXBuildFile; fileRef = 818BB9EA28780C4000D476D8 /* LaunchScreen.storyboard */; };
		818BB9F428780CE400D476D8 /* Model.swift in Sources */ = {isa = PBXBuildFile; fileRef = 818BB9F328780CE400D476D8 /* Model.swift */; };
		81FE3C11287883C100941305 /* Dates.swift in Sources */ = {isa = PBXBuildFile; fileRef = 81FE3C10287883C100941305 /* Dates.swift */; };
		81FE3C132878B7B300941305 /* Additional functions.swift in Sources */ = {isa = PBXBuildFile; fileRef = 81FE3C122878B7B300941305 /* Additional functions.swift */; };
/* End PBXBuildFile section */

/* Begin PBXFileReference section */
		36C56919E8DC9BB9855F903C /* Pods-senddata.release.xcconfig */ = {isa = PBXFileReference; includeInIndex = 1; lastKnownFileType = text.xcconfig; name = "Pods-senddata.release.xcconfig"; path = "Target Support Files/Pods-senddata/Pods-senddata.release.xcconfig"; sourceTree = "<group>"; };
		815EEB6728784B4800C9DF27 /* NetworkLayer.swift */ = {isa = PBXFileReference; lastKnownFileType = sourcecode.swift; path = NetworkLayer.swift; sourceTree = "<group>"; };
		815EEB6928784FAC00C9DF27 /* Network.swift */ = {isa = PBXFileReference; lastKnownFileType = sourcecode.swift; path = Network.swift; sourceTree = "<group>"; };
		818BB9DC28780C3E00D476D8 /* senddata.app */ = {isa = PBXFileReference; explicitFileType = wrapper.application; includeInIndex = 0; path = senddata.app; sourceTree = BUILT_PRODUCTS_DIR; };
		818BB9DF28780C3E00D476D8 /* AppDelegate.swift */ = {isa = PBXFileReference; lastKnownFileType = sourcecode.swift; path = AppDelegate.swift; sourceTree = "<group>"; };
		818BB9E128780C3E00D476D8 /* SceneDelegate.swift */ = {isa = PBXFileReference; lastKnownFileType = sourcecode.swift; path = SceneDelegate.swift; sourceTree = "<group>"; };
		818BB9E328780C3E00D476D8 /* ViewController.swift */ = {isa = PBXFileReference; lastKnownFileType = sourcecode.swift; path = ViewController.swift; sourceTree = "<group>"; };
		818BB9E628780C3E00D476D8 /* Base */ = {isa = PBXFileReference; lastKnownFileType = file.storyboard; name = Base; path = Base.lproj/Main.storyboard; sourceTree = "<group>"; };
		818BB9E828780C4000D476D8 /* Assets.xcassets */ = {isa = PBXFileReference; lastKnownFileType = folder.assetcatalog; path = Assets.xcassets; sourceTree = "<group>"; };
		818BB9EB28780C4000D476D8 /* Base */ = {isa = PBXFileReference; lastKnownFileType = file.storyboard; name = Base; path = Base.lproj/LaunchScreen.storyboard; sourceTree = "<group>"; };
		818BB9ED28780C4000D476D8 /* Info.plist */ = {isa = PBXFileReference; lastKnownFileType = text.plist.xml; path = Info.plist; sourceTree = "<group>"; };
		818BB9F328780CE400D476D8 /* Model.swift */ = {isa = PBXFileReference; lastKnownFileType = sourcecode.swift; path = Model.swift; sourceTree = "<group>"; };
		81FE3C10287883C100941305 /* Dates.swift */ = {isa = PBXFileReference; lastKnownFileType = sourcecode.swift; path = Dates.swift; sourceTree = "<group>"; };
		81FE3C122878B7B300941305 /* Additional functions.swift */ = {isa = PBXFileReference; lastKnownFileType = sourcecode.swift; path = "Additional functions.swift"; sourceTree = "<group>"; };
		C68F5E18462715F6F1137B2E /* Pods-senddata.debug.xcconfig */ = {isa = PBXFileReference; includeInIndex = 1; lastKnownFileType = text.xcconfig; name = "Pods-senddata.debug.xcconfig"; path = "Target Support Files/Pods-senddata/Pods-senddata.debug.xcconfig"; sourceTree = "<group>"; };
		D3DA8DB5FD64B6167AE13BC8 /* Pods_senddata.framework */ = {isa = PBXFileReference; explicitFileType = wrapper.framework; includeInIndex = 0; path = Pods_senddata.framework; sourceTree = BUILT_PRODUCTS_DIR; };
/* End PBXFileReference section */

/* Begin PBXFrameworksBuildPhase section */
		818BB9D928780C3E00D476D8 /* Frameworks */ = {
			isa = PBXFrameworksBuildPhase;
			buildActionMask = 2147483647;
			files = (
				20C7B63AFC3DF4AC36B0CAD0 /* Pods_senddata.framework in Frameworks */,
			);
			runOnlyForDeploymentPostprocessing = 0;
		};
/* End PBXFrameworksBuildPhase section */

/* Begin PBXGroup section */
		53D1125D87B4A939CE457DFC /* Pods */ = {
			isa = PBXGroup;
			children = (
				C68F5E18462715F6F1137B2E /* Pods-senddata.debug.xcconfig */,
				36C56919E8DC9BB9855F903C /* Pods-senddata.release.xcconfig */,
			);
			path = Pods;
			sourceTree = "<group>";
		};
		7800AE0F26EA8773B3844ABF /* Frameworks */ = {
			isa = PBXGroup;
			children = (
				D3DA8DB5FD64B6167AE13BC8 /* Pods_senddata.framework */,
			);
			name = Frameworks;
			sourceTree = "<group>";
		};
		818BB9D328780C3E00D476D8 = {
			isa = PBXGroup;
			children = (
				818BB9DE28780C3E00D476D8 /* senddata */,
				818BB9DD28780C3E00D476D8 /* Products */,
				53D1125D87B4A939CE457DFC /* Pods */,
				7800AE0F26EA8773B3844ABF /* Frameworks */,
			);
			sourceTree = "<group>";
		};
		818BB9DD28780C3E00D476D8 /* Products */ = {
			isa = PBXGroup;
			children = (
				818BB9DC28780C3E00D476D8 /* senddata.app */,
			);
			name = Products;
			sourceTree = "<group>";
		};
		818BB9DE28780C3E00D476D8 /* senddata */ = {
			isa = PBXGroup;
			children = (
				818BB9DF28780C3E00D476D8 /* AppDelegate.swift */,
				818BB9E128780C3E00D476D8 /* SceneDelegate.swift */,
				818BB9E328780C3E00D476D8 /* ViewController.swift */,
				81FE3C122878B7B300941305 /* Additional functions.swift */,
				81FE3C10287883C100941305 /* Dates.swift */,
				815EEB6928784FAC00C9DF27 /* Network.swift */,
				815EEB6728784B4800C9DF27 /* NetworkLayer.swift */,
				818BB9F328780CE400D476D8 /* Model.swift */,
				818BB9E528780C3E00D476D8 /* Main.storyboard */,
				818BB9E828780C4000D476D8 /* Assets.xcassets */,
				818BB9EA28780C4000D476D8 /* LaunchScreen.storyboard */,
				818BB9ED28780C4000D476D8 /* Info.plist */,
			);
			path = senddata;
			sourceTree = "<group>";
		};
/* End PBXGroup section */

/* Begin PBXNativeTarget section */
		818BB9DB28780C3E00D476D8 /* senddata */ = {
			isa = PBXNativeTarget;
			buildConfigurationList = 818BB9F028780C4000D476D8 /* Build configuration list for PBXNativeTarget "senddata" */;
			buildPhases = (
				F6CF503805490C892EBE3B9D /* [CP] Check Pods Manifest.lock */,
				818BB9D828780C3E00D476D8 /* Sources */,
				818BB9D928780C3E00D476D8 /* Frameworks */,
				818BB9DA28780C3E00D476D8 /* Resources */,
				1127DE1E135F89074E5CC3B5 /* [CP] Embed Pods Frameworks */,
			);
			buildRules = (
			);
			dependencies = (
			);
			name = senddata;
			productName = senddata;
			productReference = 818BB9DC28780C3E00D476D8 /* senddata.app */;
			productType = "com.apple.product-type.application";
		};
/* End PBXNativeTarget section */

/* Begin PBXProject section */
		818BB9D428780C3E00D476D8 /* Project object */ = {
			isa = PBXProject;
			attributes = {
				BuildIndependentTargetsInParallel = 1;
				LastSwiftUpdateCheck = 1340;
				LastUpgradeCheck = 1340;
				TargetAttributes = {
					818BB9DB28780C3E00D476D8 = {
						CreatedOnToolsVersion = 13.4.1;
					};
				};
			};
			buildConfigurationList = 818BB9D728780C3E00D476D8 /* Build configuration list for PBXProject "senddata" */;
			compatibilityVersion = "Xcode 13.0";
			developmentRegion = en;
			hasScannedForEncodings = 0;
			knownRegions = (
				en,
				Base,
			);
			mainGroup = 818BB9D328780C3E00D476D8;
			productRefGroup = 818BB9DD28780C3E00D476D8 /* Products */;
			projectDirPath = "";
			projectRoot = "";
			targets = (
				818BB9DB28780C3E00D476D8 /* senddata */,
			);
		};
/* End PBXProject section */

/* Begin PBXResourcesBuildPhase section */
		818BB9DA28780C3E00D476D8 /* Resources */ = {
			isa = PBXResourcesBuildPhase;
			buildActionMask = 2147483647;
			files = (
				818BB9EC28780C4000D476D8 /* LaunchScreen.storyboard in Resources */,
				818BB9E928780C4000D476D8 /* Assets.xcassets in Resources */,
				818BB9E728780C3E00D476D8 /* Main.storyboard in Resources */,
			);
			runOnlyForDeploymentPostprocessing = 0;
		};
/* End PBXResourcesBuildPhase section */

/* Begin PBXShellScriptBuildPhase section */
		1127DE1E135F89074E5CC3B5 /* [CP] Embed Pods Frameworks */ = {
			isa = PBXShellScriptBuildPhase;
			buildActionMask = 2147483647;
			files = (
			);
			inputFileListPaths = (
				"${PODS_ROOT}/Target Support Files/Pods-senddata/Pods-senddata-frameworks-${CONFIGURATION}-input-files.xcfilelist",
			);
			name = "[CP] Embed Pods Frameworks";
			outputFileListPaths = (
				"${PODS_ROOT}/Target Support Files/Pods-senddata/Pods-senddata-frameworks-${CONFIGURATION}-output-files.xcfilelist",
			);
			runOnlyForDeploymentPostprocessing = 0;
			shellPath = /bin/sh;
			shellScript = "\"${PODS_ROOT}/Target Support Files/Pods-senddata/Pods-senddata-frameworks.sh\"\n";
			showEnvVarsInLog = 0;
		};
		F6CF503805490C892EBE3B9D /* [CP] Check Pods Manifest.lock */ = {
			isa = PBXShellScriptBuildPhase;
			buildActionMask = 2147483647;
			files = (
			);
			inputFileListPaths = (
			);
			inputPaths = (
				"${PODS_PODFILE_DIR_PATH}/Podfile.lock",
				"${PODS_ROOT}/Manifest.lock",
			);
			name = "[CP] Check Pods Manifest.lock";
			outputFileListPaths = (
			);
			outputPaths = (
				"$(DERIVED_FILE_DIR)/Pods-senddata-checkManifestLockResult.txt",
			);
			runOnlyForDeploymentPostprocessing = 0;
			shellPath = /bin/sh;
			shellScript = "diff \"${PODS_PODFILE_DIR_PATH}/Podfile.lock\" \"${PODS_ROOT}/Manifest.lock\" > /dev/null\nif [ $? != 0 ] ; then\n    # print error to STDERR\n    echo \"error: The sandbox is not in sync with the Podfile.lock. Run 'pod install' or update your CocoaPods installation.\" >&2\n    exit 1\nfi\n# This output is used by Xcode 'outputs' to avoid re-running this script phase.\necho \"SUCCESS\" > \"${SCRIPT_OUTPUT_FILE_0}\"\n";
			showEnvVarsInLog = 0;
		};
/* End PBXShellScriptBuildPhase section */

/* Begin PBXSourcesBuildPhase section */
		818BB9D828780C3E00D476D8 /* Sources */ = {
			isa = PBXSourcesBuildPhase;
			buildActionMask = 2147483647;
			files = (
				818BB9E428780C3E00D476D8 /* ViewController.swift in Sources */,
				818BB9E028780C3E00D476D8 /* AppDelegate.swift in Sources */,
				815EEB6A28784FAC00C9DF27 /* Network.swift in Sources */,
				818BB9E228780C3E00D476D8 /* SceneDelegate.swift in Sources */,
				81FE3C11287883C100941305 /* Dates.swift in Sources */,
				815EEB6828784B4800C9DF27 /* NetworkLayer.swift in Sources */,
				818BB9F428780CE400D476D8 /* Model.swift in Sources */,
				81FE3C132878B7B300941305 /* Additional functions.swift in Sources */,
			);
			runOnlyForDeploymentPostprocessing = 0;
		};
/* End PBXSourcesBuildPhase section */

/* Begin PBXVariantGroup section */
		818BB9E528780C3E00D476D8 /* Main.storyboard */ = {
			isa = PBXVariantGroup;
			children = (
				818BB9E628780C3E00D476D8 /* Base */,
			);
			name = Main.storyboard;
			sourceTree = "<group>";
		};
		818BB9EA28780C4000D476D8 /* LaunchScreen.storyboard */ = {
			isa = PBXVariantGroup;
			children = (
				818BB9EB28780C4000D476D8 /* Base */,
			);
			name = LaunchScreen.storyboard;
			sourceTree = "<group>";
		};
/* End PBXVariantGroup section */

/* Begin XCBuildConfiguration section */
		818BB9EE28780C4000D476D8 /* Debug */ = {
			isa = XCBuildConfiguration;
			buildSettings = {
				ALWAYS_SEARCH_USER_PATHS = NO;
				CLANG_ANALYZER_NONNULL = YES;
				CLANG_ANALYZER_NUMBER_OBJECT_CONVERSION = YES_AGGRESSIVE;
				CLANG_CXX_LANGUAGE_STANDARD = "gnu++17";
				CLANG_ENABLE_MODULES = YES;
				CLANG_ENABLE_OBJC_ARC = YES;
				CLANG_ENABLE_OBJC_WEAK = YES;
				CLANG_WARN_BLOCK_CAPTURE_AUTORELEASING = YES;
				CLANG_WARN_BOOL_CONVERSION = YES;
				CLANG_WARN_COMMA = YES;
				CLANG_WARN_CONSTANT_CONVERSION = YES;
				CLANG_WARN_DEPRECATED_OBJC_IMPLEMENTATIONS = YES;
				CLANG_WARN_DIRECT_OBJC_ISA_USAGE = YES_ERROR;
				CLANG_WARN_DOCUMENTATION_COMMENTS = YES;
				CLANG_WARN_EMPTY_BODY = YES;
				CLANG_WARN_ENUM_CONVERSION = YES;
				CLANG_WARN_INFINITE_RECURSION = YES;
				CLANG_WARN_INT_CONVERSION = YES;
				CLANG_WARN_NON_LITERAL_NULL_CONVERSION = YES;
				CLANG_WARN_OBJC_IMPLICIT_RETAIN_SELF = YES;
				CLANG_WARN_OBJC_LITERAL_CONVERSION = YES;
				CLANG_WARN_OBJC_ROOT_CLASS = YES_ERROR;
				CLANG_WARN_QUOTED_INCLUDE_IN_FRAMEWORK_HEADER = YES;
				CLANG_WARN_RANGE_LOOP_ANALYSIS = YES;
				CLANG_WARN_STRICT_PROTOTYPES = YES;
				CLANG_WARN_SUSPICIOUS_MOVE = YES;
				CLANG_WARN_UNGUARDED_AVAILABILITY = YES_AGGRESSIVE;
				CLANG_WARN_UNREACHABLE_CODE = YES;
				CLANG_WARN__DUPLICATE_METHOD_MATCH = YES;
				COPY_PHASE_STRIP = NO;
				DEBUG_INFORMATION_FORMAT = dwarf;
				ENABLE_STRICT_OBJC_MSGSEND = YES;
				ENABLE_TESTABILITY = YES;
				GCC_C_LANGUAGE_STANDARD = gnu11;
				GCC_DYNAMIC_NO_PIC = NO;
				GCC_NO_COMMON_BLOCKS = YES;
				GCC_OPTIMIZATION_LEVEL = 0;
				GCC_PREPROCESSOR_DEFINITIONS = (
					"DEBUG=1",
					"$(inherited)",
				);
				GCC_WARN_64_TO_32_BIT_CONVERSION = YES;
				GCC_WARN_ABOUT_RETURN_TYPE = YES_ERROR;
				GCC_WARN_UNDECLARED_SELECTOR = YES;
				GCC_WARN_UNINITIALIZED_AUTOS = YES_AGGRESSIVE;
				GCC_WARN_UNUSED_FUNCTION = YES;
				GCC_WARN_UNUSED_VARIABLE = YES;
				IPHONEOS_DEPLOYMENT_TARGET = 15.5;
				MTL_ENABLE_DEBUG_INFO = INCLUDE_SOURCE;
				MTL_FAST_MATH = YES;
				ONLY_ACTIVE_ARCH = YES;
				SDKROOT = iphoneos;
				SWIFT_ACTIVE_COMPILATION_CONDITIONS = DEBUG;
				SWIFT_OPTIMIZATION_LEVEL = "-Onone";
			};
			name = Debug;
		};
		818BB9EF28780C4000D476D8 /* Release */ = {
			isa = XCBuildConfiguration;
			buildSettings = {
				ALWAYS_SEARCH_USER_PATHS = NO;
				CLANG_ANALYZER_NONNULL = YES;
				CLANG_ANALYZER_NUMBER_OBJECT_CONVERSION = YES_AGGRESSIVE;
				CLANG_CXX_LANGUAGE_STANDARD = "gnu++17";
				CLANG_ENABLE_MODULES = YES;
				CLANG_ENABLE_OBJC_ARC = YES;
				CLANG_ENABLE_OBJC_WEAK = YES;
				CLANG_WARN_BLOCK_CAPTURE_AUTORELEASING = YES;
				CLANG_WARN_BOOL_CONVERSION = YES;
				CLANG_WARN_COMMA = YES;
				CLANG_WARN_CONSTANT_CONVERSION = YES;
				CLANG_WARN_DEPRECATED_OBJC_IMPLEMENTATIONS = YES;
				CLANG_WARN_DIRECT_OBJC_ISA_USAGE = YES_ERROR;
				CLANG_WARN_DOCUMENTATION_COMMENTS = YES;
				CLANG_WARN_EMPTY_BODY = YES;
				CLANG_WARN_ENUM_CONVERSION = YES;
				CLANG_WARN_INFINITE_RECURSION = YES;
				CLANG_WARN_INT_CONVERSION = YES;
				CLANG_WARN_NON_LITERAL_NULL_CONVERSION = YES;
				CLANG_WARN_OBJC_IMPLICIT_RETAIN_SELF = YES;
				CLANG_WARN_OBJC_LITERAL_CONVERSION = YES;
				CLANG_WARN_OBJC_ROOT_CLASS = YES_ERROR;
				CLANG_WARN_QUOTED_INCLUDE_IN_FRAMEWORK_HEADER = YES;
				CLANG_WARN_RANGE_LOOP_ANALYSIS = YES;
				CLANG_WARN_STRICT_PROTOTYPES = YES;
				CLANG_WARN_SUSPICIOUS_MOVE = YES;
				CLANG_WARN_UNGUARDED_AVAILABILITY = YES_AGGRESSIVE;
				CLANG_WARN_UNREACHABLE_CODE = YES;
				CLANG_WARN__DUPLICATE_METHOD_MATCH = YES;
				COPY_PHASE_STRIP = NO;
				DEBUG_INFORMATION_FORMAT = "dwarf-with-dsym";
				ENABLE_NS_ASSERTIONS = NO;
				ENABLE_STRICT_OBJC_MSGSEND = YES;
				GCC_C_LANGUAGE_STANDARD = gnu11;
				GCC_NO_COMMON_BLOCKS = YES;
				GCC_WARN_64_TO_32_BIT_CONVERSION = YES;
				GCC_WARN_ABOUT_RETURN_TYPE = YES_ERROR;
				GCC_WARN_UNDECLARED_SELECTOR = YES;
				GCC_WARN_UNINITIALIZED_AUTOS = YES_AGGRESSIVE;
				GCC_WARN_UNUSED_FUNCTION = YES;
				GCC_WARN_UNUSED_VARIABLE = YES;
				IPHONEOS_DEPLOYMENT_TARGET = 15.5;
				MTL_ENABLE_DEBUG_INFO = NO;
				MTL_FAST_MATH = YES;
				SDKROOT = iphoneos;
				SWIFT_COMPILATION_MODE = wholemodule;
				SWIFT_OPTIMIZATION_LEVEL = "-O";
				VALIDATE_PRODUCT = YES;
			};
			name = Release;
		};
		818BB9F128780C4000D476D8 /* Debug */ = {
			isa = XCBuildConfiguration;
			baseConfigurationReference = C68F5E18462715F6F1137B2E /* Pods-senddata.debug.xcconfig */;
			buildSettings = {
				ASSETCATALOG_COMPILER_APPICON_NAME = AppIcon;
				ASSETCATALOG_COMPILER_GLOBAL_ACCENT_COLOR_NAME = AccentColor;
				CODE_SIGN_STYLE = Automatic;
				CURRENT_PROJECT_VERSION = 1;
				DEVELOPMENT_TEAM = DFCX836WTR;
				GENERATE_INFOPLIST_FILE = YES;
				INFOPLIST_FILE = senddata/Info.plist;
				INFOPLIST_KEY_UIApplicationSupportsIndirectInputEvents = YES;
				INFOPLIST_KEY_UILaunchStoryboardName = LaunchScreen;
				INFOPLIST_KEY_UIMainStoryboardFile = Main;
				INFOPLIST_KEY_UISupportedInterfaceOrientations_iPad = "UIInterfaceOrientationPortrait UIInterfaceOrientationPortraitUpsideDown UIInterfaceOrientationLandscapeLeft UIInterfaceOrientationLandscapeRight";
				INFOPLIST_KEY_UISupportedInterfaceOrientations_iPhone = "UIInterfaceOrientationPortrait UIInterfaceOrientationLandscapeLeft UIInterfaceOrientationLandscapeRight";
				LD_RUNPATH_SEARCH_PATHS = (
					"$(inherited)",
					"@executable_path/Frameworks",
				);
				MARKETING_VERSION = 1.0;
				PRODUCT_BUNDLE_IDENTIFIER = com.am.senddata;
				PRODUCT_NAME = "$(TARGET_NAME)";
				SWIFT_EMIT_LOC_STRINGS = YES;
				SWIFT_VERSION = 5.0;
				TARGETED_DEVICE_FAMILY = "1,2";
			};
			name = Debug;
		};
		818BB9F228780C4000D476D8 /* Release */ = {
			isa = XCBuildConfiguration;
			baseConfigurationReference = 36C56919E8DC9BB9855F903C /* Pods-senddata.release.xcconfig */;
			buildSettings = {
				ASSETCATALOG_COMPILER_APPICON_NAME = AppIcon;
				ASSETCATALOG_COMPILER_GLOBAL_ACCENT_COLOR_NAME = AccentColor;
				CODE_SIGN_STYLE = Automatic;
				CURRENT_PROJECT_VERSION = 1;
				DEVELOPMENT_TEAM = DFCX836WTR;
				GENERATE_INFOPLIST_FILE = YES;
				INFOPLIST_FILE = senddata/Info.plist;
				INFOPLIST_KEY_UIApplicationSupportsIndirectInputEvents = YES;
				INFOPLIST_KEY_UILaunchStoryboardName = LaunchScreen;
				INFOPLIST_KEY_UIMainStoryboardFile = Main;
				INFOPLIST_KEY_UISupportedInterfaceOrientations_iPad = "UIInterfaceOrientationPortrait UIInterfaceOrientationPortraitUpsideDown UIInterfaceOrientationLandscapeLeft UIInterfaceOrientationLandscapeRight";
				INFOPLIST_KEY_UISupportedInterfaceOrientations_iPhone = "UIInterfaceOrientationPortrait UIInterfaceOrientationLandscapeLeft UIInterfaceOrientationLandscapeRight";
				LD_RUNPATH_SEARCH_PATHS = (
					"$(inherited)",
					"@executable_path/Frameworks",
				);
				MARKETING_VERSION = 1.0;
				PRODUCT_BUNDLE_IDENTIFIER = com.am.senddata;
				PRODUCT_NAME = "$(TARGET_NAME)";
				SWIFT_EMIT_LOC_STRINGS = YES;
				SWIFT_VERSION = 5.0;
				TARGETED_DEVICE_FAMILY = "1,2";
			};
			name = Release;
		};
/* End XCBuildConfiguration section */

/* Begin XCConfigurationList section */
		818BB9D728780C3E00D476D8 /* Build configuration list for PBXProject "senddata" */ = {
			isa = XCConfigurationList;
			buildConfigurations = (
				818BB9EE28780C4000D476D8 /* Debug */,
				818BB9EF28780C4000D476D8 /* Release */,
			);
			defaultConfigurationIsVisible = 0;
			defaultConfigurationName = Release;
		};
		818BB9F028780C4000D476D8 /* Build configuration list for PBXNativeTarget "senddata" */ = {
			isa = XCConfigurationList;
			buildConfigurations = (
				818BB9F128780C4000D476D8 /* Debug */,
				818BB9F228780C4000D476D8 /* Release */,
			);
			defaultConfigurationIsVisible = 0;
			defaultConfigurationName = Release;
		};
/* End XCConfigurationList section */
	};
	rootObject = 818BB9D428780C3E00D476D8 /* Project object */;
}
